
Microsoft Visual Studio Solution File, Format Version 11.00
# Visual Studio 2010
Project("{FAE04EC0-301F-11D3-BF4B-00C04F79EFBC}") = "XMLawesome", "XMLawesome\XMLawesome.csproj", "{F9E2E5DF-97BD-4BAD-8C4E-E2950070E76E}"
EndProject
Project("{FAE04EC0-301F-11D3-BF4B-00C04F79EFBC}") = "MASClassLibrary", "..\..\..\..\..\..\..\Desktop\UNI\SW4\Project - MAS\Project\Code\MASClassLibrary\MASClassLibrary\MASClassLibrary.csproj", "{B6B9134A-DCB1-47F0-9677-ED65A055E588}"
EndProject
Project("{FAE04EC0-301F-11D3-BF4B-00C04F79EFBC}") = "ListToXML", "..\..\..\..\..\..\..\Desktop\UNI\SW4\Project - MAS\Project\Code\ListToXML\ListToXML\ListToXML.csproj", "{DCC09B0A-C1BA-4A3B-98DF-D5537BB28830}"
EndProject
Global
	GlobalSection(SubversionScc) = preSolution
		Svn-Managed = True
		Manager = AnkhSVN - Subversion Support for Visual Studio
	EndGlobalSection
	GlobalSection(SolutionConfigurationPlatforms) = preSolution
		Debug|Any CPU = Debug|Any CPU
		Debug|Mixed Platforms = Debug|Mixed Platforms
		Debug|x86 = Debug|x86
		Release|Any CPU = Release|Any CPU
		Release|Mixed Platforms = Release|Mixed Platforms
		Release|x86 = Release|x86
	EndGlobalSection
	GlobalSection(ProjectConfigurationPlatforms) = postSolution
		{F9E2E5DF-97BD-4BAD-8C4E-E2950070E76E}.Debug|Any CPU.ActiveCfg = Debug|Any CPU
		{F9E2E5DF-97BD-4BAD-8C4E-E2950070E76E}.Debug|Any CPU.Build.0 = Debug|Any CPU
		{F9E2E5DF-97BD-4BAD-8C4E-E2950070E76E}.Debug|Mixed Platforms.ActiveCfg = Debug|Any CPU
		{F9E2E5DF-97BD-4BAD-8C4E-E2950070E76E}.Debug|Mixed Platforms.Build.0 = Debug|Any CPU
		{F9E2E5DF-97BD-4BAD-8C4E-E2950070E76E}.Debug|x86.ActiveCfg = Debug|Any CPU
		{F9E2E5DF-97BD-4BAD-8C4E-E2950070E76E}.Release|Any CPU.ActiveCfg = Release|Any CPU
		{F9E2E5DF-97BD-4BAD-8C4E-E2950070E76E}.Release|Any CPU.Build.0 = Release|Any CPU
		{F9E2E5DF-97BD-4BAD-8C4E-E2950070E76E}.Release|Mixed Platforms.ActiveCfg = Release|Any CPU
		{F9E2E5DF-97BD-4BAD-8C4E-E2950070E76E}.Release|Mixed Platforms.Build.0 = Release|Any CPU
		{F9E2E5DF-97BD-4BAD-8C4E-E2950070E76E}.Release|x86.ActiveCfg = Release|Any CPU
		{B6B9134A-DCB1-47F0-9677-ED65A055E588}.Debug|Any CPU.ActiveCfg = Debug|Any CPU
		{B6B9134A-DCB1-47F0-9677-ED65A055E588}.Debug|Any CPU.Build.0 = Debug|Any CPU
		{B6B9134A-DCB1-47F0-9677-ED65A055E588}.Debug|Mixed Platforms.ActiveCfg = Debug|Any CPU
		{B6B9134A-DCB1-47F0-9677-ED65A055E588}.Debug|Mixed Platforms.Build.0 = Debug|Any CPU
		{B6B9134A-DCB1-47F0-9677-ED65A055E588}.Debug|x86.ActiveCfg = Debug|Any CPU
		{B6B9134A-DCB1-47F0-9677-ED65A055E588}.Release|Any CPU.ActiveCfg = Release|Any CPU
		{B6B9134A-DCB1-47F0-9677-ED65A055E588}.Release|Any CPU.Build.0 = Release|Any CPU
		{B6B9134A-DCB1-47F0-9677-ED65A055E588}.Release|Mixed Platforms.ActiveCfg = Release|Any CPU
		{B6B9134A-DCB1-47F0-9677-ED65A055E588}.Release|Mixed Platforms.Build.0 = Release|Any CPU
		{B6B9134A-DCB1-47F0-9677-ED65A055E588}.Release|x86.ActiveCfg = Release|Any CPU
		{DCC09B0A-C1BA-4A3B-98DF-D5537BB28830}.Debug|Any CPU.ActiveCfg = Debug|x86
		{DCC09B0A-C1BA-4A3B-98DF-D5537BB28830}.Debug|Mixed Platforms.ActiveCfg = Debug|x86
		{DCC09B0A-C1BA-4A3B-98DF-D5537BB28830}.Debug|Mixed Platforms.Build.0 = Debug|x86
		{DCC09B0A-C1BA-4A3B-98DF-D5537BB28830}.Debug|x86.ActiveCfg = Debug|x86
		{DCC09B0A-C1BA-4A3B-98DF-D5537BB28830}.Debug|x86.Build.0 = Debug|x86
		{DCC09B0A-C1BA-4A3B-98DF-D5537BB28830}.Release|Any CPU.ActiveCfg = Release|x86
		{DCC09B0A-C1BA-4A3B-98DF-D5537BB28830}.Release|Mixed Platforms.ActiveCfg = Release|x86
		{DCC09B0A-C1BA-4A3B-98DF-D5537BB28830}.Release|Mixed Platforms.Build.0 = Release|x86
		{DCC09B0A-C1BA-4A3B-98DF-D5537BB28830}.Release|x86.ActiveCfg = Release|x86
		{DCC09B0A-C1BA-4A3B-98DF-D5537BB28830}.Release|x86.Build.0 = Release|x86
	EndGlobalSection
	GlobalSection(SolutionProperties) = preSolution
		HideSolutionNode = FALSE
	EndGlobalSection
EndGlobal
